// !$*UTF8*$!
{
	archiveVersion = 1;
	classes = {
	};
	objectVersion = 56;
	objects = {

/* Begin PBXBuildFile section */
		5FB5EA1E2B387E10004075DA /* AppDelegate.swift in Sources */ = {isa = PBXBuildFile; fileRef = 5FB5EA1D2B387E10004075DA /* AppDelegate.swift */; };
		5FB5EA202B387E10004075DA /* SceneDelegate.swift in Sources */ = {isa = PBXBuildFile; fileRef = 5FB5EA1F2B387E10004075DA /* SceneDelegate.swift */; };
		5FB5EA222B387E10004075DA /* DeliveryCostViewController.swift in Sources */ = {isa = PBXBuildFile; fileRef = 5FB5EA212B387E10004075DA /* DeliveryCostViewController.swift */; };
		5FB5EA252B387E10004075DA /* Main.storyboard in Resources */ = {isa = PBXBuildFile; fileRef = 5FB5EA232B387E10004075DA /* Main.storyboard */; };
		5FB5EA272B387E11004075DA /* Assets.xcassets in Resources */ = {isa = PBXBuildFile; fileRef = 5FB5EA262B387E11004075DA /* Assets.xcassets */; };
		5FB5EA2A2B387E11004075DA /* LaunchScreen.storyboard in Resources */ = {isa = PBXBuildFile; fileRef = 5FB5EA282B387E11004075DA /* LaunchScreen.storyboard */; };
		5FB5EA362B387E67004075DA /* Package.swift in Sources */ = {isa = PBXBuildFile; fileRef = 5FB5EA352B387E67004075DA /* Package.swift */; };
		5FFD4A9E2B4400B500F5E17D /* DeliveryCostViewModel.swift in Sources */ = {isa = PBXBuildFile; fileRef = 5FFD4A9D2B4400B500F5E17D /* DeliveryCostViewModel.swift */; };
/* End PBXBuildFile section */

/* Begin PBXFileReference section */
		5FB5EA1A2B387E10004075DA /* DeliveryCost.app */ = {isa = PBXFileReference; explicitFileType = wrapper.application; includeInIndex = 0; path = DeliveryCost.app; sourceTree = BUILT_PRODUCTS_DIR; };
		5FB5EA1D2B387E10004075DA /* AppDelegate.swift */ = {isa = PBXFileReference; lastKnownFileType = sourcecode.swift; path = AppDelegate.swift; sourceTree = "<group>"; };
		5FB5EA1F2B387E10004075DA /* SceneDelegate.swift */ = {isa = PBXFileReference; lastKnownFileType = sourcecode.swift; path = SceneDelegate.swift; sourceTree = "<group>"; };
		5FB5EA212B387E10004075DA /* DeliveryCostViewController.swift */ = {isa = PBXFileReference; lastKnownFileType = sourcecode.swift; path = DeliveryCostViewController.swift; sourceTree = "<group>"; };
		5FB5EA242B387E10004075DA /* Base */ = {isa = PBXFileReference; lastKnownFileType = file.storyboard; name = Base; path = Base.lproj/Main.storyboard; sourceTree = "<group>"; };
		5FB5EA262B387E11004075DA /* Assets.xcassets */ = {isa = PBXFileReference; lastKnownFileType = folder.assetcatalog; path = Assets.xcassets; sourceTree = "<group>"; };
		5FB5EA292B387E11004075DA /* Base */ = {isa = PBXFileReference; lastKnownFileType = file.storyboard; name = Base; path = Base.lproj/LaunchScreen.storyboard; sourceTree = "<group>"; };
		5FB5EA2B2B387E11004075DA /* Info.plist */ = {isa = PBXFileReference; lastKnownFileType = text.plist.xml; path = Info.plist; sourceTree = "<group>"; };
		5FB5EA352B387E67004075DA /* Package.swift */ = {isa = PBXFileReference; lastKnownFileType = sourcecode.swift; path = Package.swift; sourceTree = "<group>"; };
		5FFD4A9D2B4400B500F5E17D /* DeliveryCostViewModel.swift */ = {isa = PBXFileReference; lastKnownFileType = sourcecode.swift; path = DeliveryCostViewModel.swift; sourceTree = "<group>"; };
/* End PBXFileReference section */

/* Begin PBXFrameworksBuildPhase section */
		5FB5EA172B387E10004075DA /* Frameworks */ = {
			isa = PBXFrameworksBuildPhase;
			buildActionMask = 2147483647;
			files = (
			);
			runOnlyForDeploymentPostprocessing = 0;
		};
/* End PBXFrameworksBuildPhase section */

/* Begin PBXGroup section */
		5FB5EA112B387E10004075DA = {
			isa = PBXGroup;
			children = (
				5FB5EA1C2B387E10004075DA /* DeliveryCost */,
				5FB5EA1B2B387E10004075DA /* Products */,
			);
			sourceTree = "<group>";
		};
		5FB5EA1B2B387E10004075DA /* Products */ = {
			isa = PBXGroup;
			children = (
				5FB5EA1A2B387E10004075DA /* DeliveryCost.app */,
			);
			name = Products;
			sourceTree = "<group>";
		};
		5FB5EA1C2B387E10004075DA /* DeliveryCost */ = {
			isa = PBXGroup;
			children = (
				5FFD4A9C2B44007800F5E17D /* ViewModels */,
				5FB5EA312B387E19004075DA /* Application */,
				5FB5EA342B387E48004075DA /* Model */,
				5FB5EA332B387E39004075DA /* Controllers */,
				5FB5EA322B387E30004075DA /* View */,
				5FB5EA262B387E11004075DA /* Assets.xcassets */,
				5FB5EA2B2B387E11004075DA /* Info.plist */,
			);
			path = DeliveryCost;
			sourceTree = "<group>";
		};
		5FB5EA312B387E19004075DA /* Application */ = {
			isa = PBXGroup;
			children = (
				5FB5EA1D2B387E10004075DA /* AppDelegate.swift */,
				5FB5EA1F2B387E10004075DA /* SceneDelegate.swift */,
			);
			path = Application;
			sourceTree = "<group>";
		};
		5FB5EA322B387E30004075DA /* View */ = {
			isa = PBXGroup;
			children = (
				5FB5EA232B387E10004075DA /* Main.storyboard */,
				5FB5EA282B387E11004075DA /* LaunchScreen.storyboard */,
			);
			path = View;
			sourceTree = "<group>";
		};
		5FB5EA332B387E39004075DA /* Controllers */ = {
			isa = PBXGroup;
			children = (
				5FB5EA212B387E10004075DA /* DeliveryCostViewController.swift */,
			);
			path = Controllers;
			sourceTree = "<group>";
		};
		5FB5EA342B387E48004075DA /* Model */ = {
			isa = PBXGroup;
			children = (
				5FB5EA352B387E67004075DA /* Package.swift */,
			);
			path = Model;
			sourceTree = "<group>";
		};
		5FFD4A9C2B44007800F5E17D /* ViewModels */ = {
			isa = PBXGroup;
			children = (
				5FFD4A9D2B4400B500F5E17D /* DeliveryCostViewModel.swift */,
			);
			path = ViewModels;
			sourceTree = "<group>";
		};
/* End PBXGroup section */

/* Begin PBXNativeTarget section */
		5FB5EA192B387E10004075DA /* DeliveryCost */ = {
			isa = PBXNativeTarget;
			buildConfigurationList = 5FB5EA2E2B387E11004075DA /* Build configuration list for PBXNativeTarget "DeliveryCost" */;
			buildPhases = (
				5FB5EA162B387E10004075DA /* Sources */,
				5FB5EA172B387E10004075DA /* Frameworks */,
				5FB5EA182B387E10004075DA /* Resources */,
			);
			buildRules = (
			);
			dependencies = (
			);
			name = DeliveryCost;
			productName = DeliveryCost;
			productReference = 5FB5EA1A2B387E10004075DA /* DeliveryCost.app */;
			productType = "com.apple.product-type.application";
		};
/* End PBXNativeTarget section */

/* Begin PBXProject section */
		5FB5EA122B387E10004075DA /* Project object */ = {
			isa = PBXProject;
			attributes = {
				BuildIndependentTargetsInParallel = 1;
				LastSwiftUpdateCheck = 1430;
				LastUpgradeCheck = 1430;
				TargetAttributes = {
					5FB5EA192B387E10004075DA = {
						CreatedOnToolsVersion = 14.3.1;
					};
				};
			};
			buildConfigurationList = 5FB5EA152B387E10004075DA /* Build configuration list for PBXProject "DeliveryCost" */;
			compatibilityVersion = "Xcode 14.0";
			developmentRegion = en;
			hasScannedForEncodings = 0;
			knownRegions = (
				en,
				Base,
			);
			mainGroup = 5FB5EA112B387E10004075DA;
			productRefGroup = 5FB5EA1B2B387E10004075DA /* Products */;
			projectDirPath = "";
			projectRoot = "";
			targets = (
				5FB5EA192B387E10004075DA /* DeliveryCost */,
			);
		};
/* End PBXProject section */

/* Begin PBXResourcesBuildPhase section */
		5FB5EA182B387E10004075DA /* Resources */ = {
			isa = PBXResourcesBuildPhase;
			buildActionMask = 2147483647;
			files = (
				5FB5EA2A2B387E11004075DA /* LaunchScreen.storyboard in Resources */,
				5FB5EA272B387E11004075DA /* Assets.xcassets in Resources */,
				5FB5EA252B387E10004075DA /* Main.storyboard in Resources */,
			);
			runOnlyForDeploymentPostprocessing = 0;
		};
/* End PBXResourcesBuildPhase section */

/* Begin PBXSourcesBuildPhase section */
		5FB5EA162B387E10004075DA /* Sources */ = {
			isa = PBXSourcesBuildPhase;
			buildActionMask = 2147483647;
			files = (
				5FB5EA362B387E67004075DA /* Package.swift in Sources */,
				5FB5EA222B387E10004075DA /* DeliveryCostViewController.swift in Sources */,
				5FB5EA1E2B387E10004075DA /* AppDelegate.swift in Sources */,
				5FFD4A9E2B4400B500F5E17D /* DeliveryCostViewModel.swift in Sources */,
				5FB5EA202B387E10004075DA /* SceneDelegate.swift in Sources */,
			);
			runOnlyForDeploymentPostprocessing = 0;
		};
/* End PBXSourcesBuildPhase section */

/* Begin PBXVariantGroup section */
		5FB5EA232B387E10004075DA /* Main.storyboard */ = {
			isa = PBXVariantGroup;
			children = (
				5FB5EA242B387E10004075DA /* Base */,
			);
			name = Main.storyboard;
			sourceTree = "<group>";
		};
		5FB5EA282B387E11004075DA /* LaunchScreen.storyboard */ = {
			isa = PBXVariantGroup;
			children = (
				5FB5EA292B387E11004075DA /* Base */,
			);
			name = LaunchScreen.storyboard;
			sourceTree = "<group>";
		};
/* End PBXVariantGroup section */

/* Begin XCBuildConfiguration section */
		5FB5EA2C2B387E11004075DA /* Debug */ = {
			isa = XCBuildConfiguration;
			buildSettings = {
				ALWAYS_SEARCH_USER_PATHS = NO;
				CLANG_ANALYZER_NONNULL = YES;
				CLANG_ANALYZER_NUMBER_OBJECT_CONVERSION = YES_AGGRESSIVE;
				CLANG_CXX_LANGUAGE_STANDARD = "gnu++20";
				CLANG_ENABLE_MODULES = YES;
				CLANG_ENABLE_OBJC_ARC = YES;
				CLANG_ENABLE_OBJC_WEAK = YES;
				CLANG_WARN_BLOCK_CAPTURE_AUTORELEASING = YES;
				CLANG_WARN_BOOL_CONVERSION = YES;
				CLANG_WARN_COMMA = YES;
				CLANG_WARN_CONSTANT_CONVERSION = YES;
				CLANG_WARN_DEPRECATED_OBJC_IMPLEMENTATIONS = YES;
				CLANG_WARN_DIRECT_OBJC_ISA_USAGE = YES_ERROR;
				CLANG_WARN_DOCUMENTATION_COMMENTS = YES;
				CLANG_WARN_EMPTY_BODY = YES;
				CLANG_WARN_ENUM_CONVERSION = YES;
				CLANG_WARN_INFINITE_RECURSION = YES;
				CLANG_WARN_INT_CONVERSION = YES;
				CLANG_WARN_NON_LITERAL_NULL_CONVERSION = YES;
				CLANG_WARN_OBJC_IMPLICIT_RETAIN_SELF = YES;
				CLANG_WARN_OBJC_LITERAL_CONVERSION = YES;
				CLANG_WARN_OBJC_ROOT_CLASS = YES_ERROR;
				CLANG_WARN_QUOTED_INCLUDE_IN_FRAMEWORK_HEADER = YES;
				CLANG_WARN_RANGE_LOOP_ANALYSIS = YES;
				CLANG_WARN_STRICT_PROTOTYPES = YES;
				CLANG_WARN_SUSPICIOUS_MOVE = YES;
				CLANG_WARN_UNGUARDED_AVAILABILITY = YES_AGGRESSIVE;
				CLANG_WARN_UNREACHABLE_CODE = YES;
				CLANG_WARN__DUPLICATE_METHOD_MATCH = YES;
				COPY_PHASE_STRIP = NO;
				DEBUG_INFORMATION_FORMAT = dwarf;
				ENABLE_STRICT_OBJC_MSGSEND = YES;
				ENABLE_TESTABILITY = YES;
				GCC_C_LANGUAGE_STANDARD = gnu11;
				GCC_DYNAMIC_NO_PIC = NO;
				GCC_NO_COMMON_BLOCKS = YES;
				GCC_OPTIMIZATION_LEVEL = 0;
				GCC_PREPROCESSOR_DEFINITIONS = (
					"DEBUG=1",
					"$(inherited)",
				);
				GCC_WARN_64_TO_32_BIT_CONVERSION = YES;
				GCC_WARN_ABOUT_RETURN_TYPE = YES_ERROR;
				GCC_WARN_UNDECLARED_SELECTOR = YES;
				GCC_WARN_UNINITIALIZED_AUTOS = YES_AGGRESSIVE;
				GCC_WARN_UNUSED_FUNCTION = YES;
				GCC_WARN_UNUSED_VARIABLE = YES;
				IPHONEOS_DEPLOYMENT_TARGET = 16.4;
				MTL_ENABLE_DEBUG_INFO = INCLUDE_SOURCE;
				MTL_FAST_MATH = YES;
				ONLY_ACTIVE_ARCH = YES;
				SDKROOT = iphoneos;
				SWIFT_ACTIVE_COMPILATION_CONDITIONS = DEBUG;
				SWIFT_OPTIMIZATION_LEVEL = "-Onone";
			};
			name = Debug;
		};
		5FB5EA2D2B387E11004075DA /* Release */ = {
			isa = XCBuildConfiguration;
			buildSettings = {
				ALWAYS_SEARCH_USER_PATHS = NO;
				CLANG_ANALYZER_NONNULL = YES;
				CLANG_ANALYZER_NUMBER_OBJECT_CONVERSION = YES_AGGRESSIVE;
				CLANG_CXX_LANGUAGE_STANDARD = "gnu++20";
				CLANG_ENABLE_MODULES = YES;
				CLANG_ENABLE_OBJC_ARC = YES;
				CLANG_ENABLE_OBJC_WEAK = YES;
				CLANG_WARN_BLOCK_CAPTURE_AUTORELEASING = YES;
				CLANG_WARN_BOOL_CONVERSION = YES;
				CLANG_WARN_COMMA = YES;
				CLANG_WARN_CONSTANT_CONVERSION = YES;
				CLANG_WARN_DEPRECATED_OBJC_IMPLEMENTATIONS = YES;
				CLANG_WARN_DIRECT_OBJC_ISA_USAGE = YES_ERROR;
				CLANG_WARN_DOCUMENTATION_COMMENTS = YES;
				CLANG_WARN_EMPTY_BODY = YES;
				CLANG_WARN_ENUM_CONVERSION = YES;
				CLANG_WARN_INFINITE_RECURSION = YES;
				CLANG_WARN_INT_CONVERSION = YES;
				CLANG_WARN_NON_LITERAL_NULL_CONVERSION = YES;
				CLANG_WARN_OBJC_IMPLICIT_RETAIN_SELF = YES;
				CLANG_WARN_OBJC_LITERAL_CONVERSION = YES;
				CLANG_WARN_OBJC_ROOT_CLASS = YES_ERROR;
				CLANG_WARN_QUOTED_INCLUDE_IN_FRAMEWORK_HEADER = YES;
				CLANG_WARN_RANGE_LOOP_ANALYSIS = YES;
				CLANG_WARN_STRICT_PROTOTYPES = YES;
				CLANG_WARN_SUSPICIOUS_MOVE = YES;
				CLANG_WARN_UNGUARDED_AVAILABILITY = YES_AGGRESSIVE;
				CLANG_WARN_UNREACHABLE_CODE = YES;
				CLANG_WARN__DUPLICATE_METHOD_MATCH = YES;
				COPY_PHASE_STRIP = NO;
				DEBUG_INFORMATION_FORMAT = "dwarf-with-dsym";
				ENABLE_NS_ASSERTIONS = NO;
				ENABLE_STRICT_OBJC_MSGSEND = YES;
				GCC_C_LANGUAGE_STANDARD = gnu11;
				GCC_NO_COMMON_BLOCKS = YES;
				GCC_WARN_64_TO_32_BIT_CONVERSION = YES;
				GCC_WARN_ABOUT_RETURN_TYPE = YES_ERROR;
				GCC_WARN_UNDECLARED_SELECTOR = YES;
				GCC_WARN_UNINITIALIZED_AUTOS = YES_AGGRESSIVE;
				GCC_WARN_UNUSED_FUNCTION = YES;
				GCC_WARN_UNUSED_VARIABLE = YES;
				IPHONEOS_DEPLOYMENT_TARGET = 16.4;
				MTL_ENABLE_DEBUG_INFO = NO;
				MTL_FAST_MATH = YES;
				SDKROOT = iphoneos;
				SWIFT_COMPILATION_MODE = wholemodule;
				SWIFT_OPTIMIZATION_LEVEL = "-O";
				VALIDATE_PRODUCT = YES;
			};
			name = Release;
		};
		5FB5EA2F2B387E11004075DA /* Debug */ = {
			isa = XCBuildConfiguration;
			buildSettings = {
				ASSETCATALOG_COMPILER_APPICON_NAME = AppIcon;
				ASSETCATALOG_COMPILER_GLOBAL_ACCENT_COLOR_NAME = AccentColor;
				CODE_SIGN_STYLE = Automatic;
				CURRENT_PROJECT_VERSION = 1;
				GENERATE_INFOPLIST_FILE = YES;
				INFOPLIST_FILE = DeliveryCost/Info.plist;
				INFOPLIST_KEY_UIApplicationSupportsIndirectInputEvents = YES;
				INFOPLIST_KEY_UILaunchStoryboardName = LaunchScreen;
				INFOPLIST_KEY_UIMainStoryboardFile = Main;
				INFOPLIST_KEY_UISupportedInterfaceOrientations_iPad = "UIInterfaceOrientationPortrait UIInterfaceOrientationPortraitUpsideDown UIInterfaceOrientationLandscapeLeft UIInterfaceOrientationLandscapeRight";
				INFOPLIST_KEY_UISupportedInterfaceOrientations_iPhone = "UIInterfaceOrientationPortrait UIInterfaceOrientationLandscapeLeft UIInterfaceOrientationLandscapeRight";
				LD_RUNPATH_SEARCH_PATHS = (
					"$(inherited)",
					"@executable_path/Frameworks",
				);
				MARKETING_VERSION = 1.0;
				PRODUCT_BUNDLE_IDENTIFIER = MapBox.DeliveryCost;
				PRODUCT_NAME = "$(TARGET_NAME)";
				SWIFT_EMIT_LOC_STRINGS = YES;
				SWIFT_VERSION = 5.0;
				TARGETED_DEVICE_FAMILY = "1,2";
			};
			name = Debug;
		};
		5FB5EA302B387E11004075DA /* Release */ = {
			isa = XCBuildConfiguration;
			buildSettings = {
				ASSETCATALOG_COMPILER_APPICON_NAME = AppIcon;
				ASSETCATALOG_COMPILER_GLOBAL_ACCENT_COLOR_NAME = AccentColor;
				CODE_SIGN_STYLE = Automatic;
				CURRENT_PROJECT_VERSION = 1;
				GENERATE_INFOPLIST_FILE = YES;
				INFOPLIST_FILE = DeliveryCost/Info.plist;
				INFOPLIST_KEY_UIApplicationSupportsIndirectInputEvents = YES;
				INFOPLIST_KEY_UILaunchStoryboardName = LaunchScreen;
				INFOPLIST_KEY_UIMainStoryboardFile = Main;
				INFOPLIST_KEY_UISupportedInterfaceOrientations_iPad = "UIInterfaceOrientationPortrait UIInterfaceOrientationPortraitUpsideDown UIInterfaceOrientationLandscapeLeft UIInterfaceOrientationLandscapeRight";
				INFOPLIST_KEY_UISupportedInterfaceOrientations_iPhone = "UIInterfaceOrientationPortrait UIInterfaceOrientationLandscapeLeft UIInterfaceOrientationLandscapeRight";
				LD_RUNPATH_SEARCH_PATHS = (
					"$(inherited)",
					"@executable_path/Frameworks",
				);
				MARKETING_VERSION = 1.0;
				PRODUCT_BUNDLE_IDENTIFIER = MapBox.DeliveryCost;
				PRODUCT_NAME = "$(TARGET_NAME)";
				SWIFT_EMIT_LOC_STRINGS = YES;
				SWIFT_VERSION = 5.0;
				TARGETED_DEVICE_FAMILY = "1,2";
			};
			name = Release;
		};
/* End XCBuildConfiguration section */

/* Begin XCConfigurationList section */
		5FB5EA152B387E10004075DA /* Build configuration list for PBXProject "DeliveryCost" */ = {
			isa = XCConfigurationList;
			buildConfigurations = (
				5FB5EA2C2B387E11004075DA /* Debug */,
				5FB5EA2D2B387E11004075DA /* Release */,
			);
			defaultConfigurationIsVisible = 0;
			defaultConfigurationName = Release;
		};
		5FB5EA2E2B387E11004075DA /* Build configuration list for PBXNativeTarget "DeliveryCost" */ = {
			isa = XCConfigurationList;
			buildConfigurations = (
				5FB5EA2F2B387E11004075DA /* Debug */,
				5FB5EA302B387E11004075DA /* Release */,
			);
			defaultConfigurationIsVisible = 0;
			defaultConfigurationName = Release;
		};
/* End XCConfigurationList section */
	};
	rootObject = 5FB5EA122B387E10004075DA /* Project object */;
}
